<?xml version="1.0" encoding="utf-8"?>
<Project ToolsVersion="4.0" xmlns="http://schemas.microsoft.com/developer/msbuild/2003">
  <ItemGroup>
    <Filter Include="Quelldateien">
      <UniqueIdentifier>{4FC737F1-C7A5-4376-A066-2A32D752A2FF}</UniqueIdentifier>
      <Extensions>cpp;c;cc;cxx;def;odl;idl;hpj;bat;asm;asmx</Extensions>
    </Filter>
    <Filter Include="Headerdateien">
      <UniqueIdentifier>{93995380-89BD-4b04-88EB-625FBE52EBFB}</UniqueIdentifier>
      <Extensions>h;hpp;hxx;hm;inl;inc;xsd</Extensions>
    </Filter>
    <Filter Include="Ressourcendateien">
      <UniqueIdentifier>{67DA6AB6-F800-4c08-8B7A-83BB121AAD01}</UniqueIdentifier>
      <Extensions>rc;ico;cur;bmp;dlg;rc2;rct;bin;rgs;gif;jpg;jpeg;jpe;resx;tiff;tif;png;wav</Extensions>
    </Filter>
  </ItemGroup>
  <ItemGroup>
    <ClCompile Include="Bombo.cpp">
      <Filter>Quelldateien</Filter>
    </ClCompile>
    <ClCompile Include="Camera.cpp">
      <Filter>Quelldateien</Filter>
    </ClCompile>
    <ClCompile Include="Explosion.cpp">
      <Filter>Quelldateien</Filter>
    </ClCompile>
    <ClCompile Include="Framework.cpp">
      <Filter>Quelldateien</Filter>
    </ClCompile>
    <ClCompile Include="Game.cpp">
      <Filter>Quelldateien</Filter>
    </ClCompile>
    <ClCompile Include="Hexaspider.cpp">
      <Filter>Quelldateien</Filter>
    </ClCompile>
    <ClCompile Include="Hoover.cpp">
      <Filter>Quelldateien</Filter>
    </ClCompile>
    <ClCompile Include="main.cpp">
      <Filter>Quelldateien</Filter>
    </ClCompile>
    <ClCompile Include="Menu.cpp">
      <Filter>Quelldateien</Filter>
    </ClCompile>
    <ClCompile Include="Monster.cpp">
      <Filter>Quelldateien</Filter>
    </ClCompile>
    <ClCompile Include="Player.cpp">
      <Filter>Quelldateien</Filter>
    </ClCompile>
    <ClCompile Include="Program.cpp">
      <Filter>Quelldateien</Filter>
    </ClCompile>
    <ClCompile Include="Shot.cpp">
      <Filter>Quelldateien</Filter>
    </ClCompile>
    <ClCompile Include="Sound.cpp">
      <Filter>Quelldateien</Filter>
    </ClCompile>
    <ClCompile Include="Sprite.cpp">
      <Filter>Quelldateien</Filter>
    </ClCompile>
    <ClCompile Include="Stachelstein.cpp">
      <Filter>Quelldateien</Filter>
    </ClCompile>
    <ClCompile Include="Stuff.cpp">
      <Filter>Quelldateien</Filter>
    </ClCompile>
    <ClCompile Include="Text.cpp">
      <Filter>Quelldateien</Filter>
    </ClCompile>
    <ClCompile Include="Tile.cpp">
      <Filter>Quelldateien</Filter>
    </ClCompile>
    <ClCompile Include="Timer.cpp">
      <Filter>Quelldateien</Filter>
    </ClCompile>
  </ItemGroup>
  <ItemGroup>
    <ClInclude Include="Bombo.hpp">
      <Filter>Headerdateien</Filter>
    </ClInclude>
    <ClInclude Include="Camera.hpp">
      <Filter>Headerdateien</Filter>
    </ClInclude>
    <ClInclude Include="Explosion.hpp">
      <Filter>Headerdateien</Filter>
    </ClInclude>
    <ClInclude Include="Framework.hpp">
      <Filter>Headerdateien</Filter>
    </ClInclude>
    <ClInclude Include="Game.hpp">
      <Filter>Headerdateien</Filter>
    </ClInclude>
    <ClInclude Include="Hexaspider.hpp">
      <Filter>Headerdateien</Filter>
    </ClInclude>
    <ClInclude Include="Hoover.hpp">
      <Filter>Headerdateien</Filter>
    </ClInclude>
    <ClInclude Include="Menu.hpp">
      <Filter>Headerdateien</Filter>
    </ClInclude>
    <ClInclude Include="Monster.hpp">
      <Filter>Headerdateien</Filter>
    </ClInclude>
    <ClInclude Include="Player.hpp">
      <Filter>Headerdateien</Filter>
    </ClInclude>
    <ClInclude Include="Program.hpp">
      <Filter>Headerdateien</Filter>
    </ClInclude>
    <ClInclude Include="Shot.hpp">
      <Filter>Headerdateien</Filter>
    </ClInclude>
    <ClInclude Include="Singleton.hpp">
      <Filter>Headerdateien</Filter>
    </ClInclude>
    <ClInclude Include="Sound.hpp">
      <Filter>Headerdateien</Filter>
    </ClInclude>
    <ClInclude Include="Sprite.hpp">
      <Filter>Headerdateien</Filter>
    </ClInclude>
    <ClInclude Include="Stachelstein.hpp">
      <Filter>Headerdateien</Filter>
    </ClInclude>
    <ClInclude Include="Stuff.hpp">
      <Filter>Headerdateien</Filter>
    </ClInclude>
    <ClInclude Include="Text.hpp">
      <Filter>Headerdateien</Filter>
    </ClInclude>
    <ClInclude Include="Tile.hpp">
      <Filter>Headerdateien</Filter>
    </ClInclude>
    <ClInclude Include="Timer.hpp">
      <Filter>Headerdateien</Filter>
    </ClInclude>
    <ClInclude Include="main.h">
      <Filter>Headerdateien</Filter>
    </ClInclude>
  </ItemGroup>
</Project>