<?xml version="1.0" encoding="utf-8"?>
<Project ToolsVersion="4.0" xmlns="http://schemas.microsoft.com/developer/msbuild/2003">
  <ItemGroup>
    <Filter Include="World">
      <UniqueIdentifier>{0d940996-ec3b-4b3b-9b38-9335525e303f}</UniqueIdentifier>
    </Filter>
    <Filter Include="Programflow">
      <UniqueIdentifier>{f5cf925b-c5b2-4fda-a57b-680e65f5ccb2}</UniqueIdentifier>
    </Filter>
    <Filter Include="Resource/Frame">
      <UniqueIdentifier>{b161e5e2-4c48-4af3-bac3-beacdf019d73}</UniqueIdentifier>
    </Filter>
    <Filter Include="Resource/Frame\Rendering">
      <UniqueIdentifier>{ec2d91d5-64d1-4618-b11b-35cc3a328c55}</UniqueIdentifier>
    </Filter>
    <Filter Include="Resource/Frame\Audio">
      <UniqueIdentifier>{11820d6f-802d-434c-b682-465a8a46066d}</UniqueIdentifier>
    </Filter>
    <Filter Include="World\Monster">
      <UniqueIdentifier>{b558adc3-90c6-4036-b7a0-85638154ffdd}</UniqueIdentifier>
    </Filter>
  </ItemGroup>
  <ItemGroup>
    <ClInclude Include="source\Explosion.hpp">
      <Filter>World</Filter>
    </ClInclude>
    <ClInclude Include="source\Hoover.hpp">
      <Filter>World</Filter>
    </ClInclude>
    <ClInclude Include="source\Monster.hpp">
      <Filter>World</Filter>
    </ClInclude>
    <ClInclude Include="source\Player.hpp">
      <Filter>World</Filter>
    </ClInclude>
    <ClInclude Include="source\Shot.hpp">
      <Filter>World</Filter>
    </ClInclude>
    <ClInclude Include="source\Menu.hpp">
      <Filter>Programflow</Filter>
    </ClInclude>
    <ClInclude Include="source\Game.hpp">
      <Filter>Programflow</Filter>
    </ClInclude>
    <ClInclude Include="source\main.h">
      <Filter>Programflow</Filter>
    </ClInclude>
    <ClInclude Include="source\Debugscreen.hpp">
      <Filter>Programflow</Filter>
    </ClInclude>
    <ClInclude Include="source\MenuItem.hpp">
      <Filter>Programflow</Filter>
    </ClInclude>
    <ClInclude Include="source\MenuPage.hpp">
      <Filter>Programflow</Filter>
    </ClInclude>
    <ClInclude Include="source\Program.hpp">
      <Filter>Programflow</Filter>
    </ClInclude>
    <ClInclude Include="source\Stuff.hpp">
      <Filter>Programflow</Filter>
    </ClInclude>
    <ClInclude Include="source\Framework.hpp">
      <Filter>Resource/Frame</Filter>
    </ClInclude>
    <ClInclude Include="source\Singleton.hpp">
      <Filter>Resource/Frame</Filter>
    </ClInclude>
    <ClInclude Include="source\Timer.hpp">
      <Filter>Resource/Frame</Filter>
    </ClInclude>
    <ClInclude Include="source\Util.hpp">
      <Filter>Resource/Frame</Filter>
    </ClInclude>
    <ClInclude Include="source\Tile.hpp">
      <Filter>World</Filter>
    </ClInclude>
    <ClInclude Include="source\Camera.hpp">
      <Filter>Resource/Frame\Rendering</Filter>
    </ClInclude>
    <ClInclude Include="source\Sprite.hpp">
      <Filter>Resource/Frame\Rendering</Filter>
    </ClInclude>
    <ClInclude Include="source\Text.hpp">
      <Filter>Resource/Frame\Rendering</Filter>
    </ClInclude>
    <ClInclude Include="source\Music.hpp">
      <Filter>Resource/Frame\Audio</Filter>
    </ClInclude>
    <ClInclude Include="source\Sound.hpp">
      <Filter>Resource/Frame\Audio</Filter>
    </ClInclude>
    <ClInclude Include="source\Bombo.hpp">
      <Filter>World\Monster</Filter>
    </ClInclude>
    <ClInclude Include="source\Hexaspider.hpp">
      <Filter>World\Monster</Filter>
    </ClInclude>
    <ClInclude Include="source\Stachelstein.hpp">
      <Filter>World\Monster</Filter>
    </ClInclude>
  </ItemGroup>
  <ItemGroup>
    <ClCompile Include="source\Hoover.cpp">
      <Filter>World</Filter>
    </ClCompile>
    <ClCompile Include="source\Monster.cpp">
      <Filter>World</Filter>
    </ClCompile>
    <ClCompile Include="source\Player.cpp">
      <Filter>World</Filter>
    </ClCompile>
    <ClCompile Include="source\Shot.cpp">
      <Filter>World</Filter>
    </ClCompile>
    <ClCompile Include="source\Explosion.cpp">
      <Filter>World</Filter>
    </ClCompile>
    <ClCompile Include="source\Debugscreen.cpp">
      <Filter>Programflow</Filter>
    </ClCompile>
    <ClCompile Include="source\Game.cpp">
      <Filter>Programflow</Filter>
    </ClCompile>
    <ClCompile Include="source\main.cpp">
      <Filter>Programflow</Filter>
    </ClCompile>
    <ClCompile Include="source\Menu.cpp">
      <Filter>Programflow</Filter>
    </ClCompile>
    <ClCompile Include="source\MenuItem.cpp">
      <Filter>Programflow</Filter>
    </ClCompile>
    <ClCompile Include="source\MenuPage.cpp">
      <Filter>Programflow</Filter>
    </ClCompile>
    <ClCompile Include="source\Program.cpp">
      <Filter>Programflow</Filter>
    </ClCompile>
    <ClCompile Include="source\Stuff.cpp">
      <Filter>Programflow</Filter>
    </ClCompile>
    <ClCompile Include="source\Framework.cpp">
      <Filter>Resource/Frame</Filter>
    </ClCompile>
    <ClCompile Include="source\Timer.cpp">
      <Filter>Resource/Frame</Filter>
    </ClCompile>
    <ClCompile Include="source\Tile.cpp">
      <Filter>World</Filter>
    </ClCompile>
    <ClCompile Include="source\Camera.cpp">
      <Filter>Resource/Frame\Rendering</Filter>
    </ClCompile>
    <ClCompile Include="source\Sprite.cpp">
      <Filter>Resource/Frame\Rendering</Filter>
    </ClCompile>
    <ClCompile Include="source\Text.cpp">
      <Filter>Resource/Frame\Rendering</Filter>
    </ClCompile>
    <ClCompile Include="source\Music.cpp">
      <Filter>Resource/Frame\Audio</Filter>
    </ClCompile>
    <ClCompile Include="source\Sound.cpp">
      <Filter>Resource/Frame\Audio</Filter>
    </ClCompile>
    <ClCompile Include="source\Bombo.cpp">
      <Filter>World\Monster</Filter>
    </ClCompile>
    <ClCompile Include="source\Hexaspider.cpp">
      <Filter>World\Monster</Filter>
    </ClCompile>
    <ClCompile Include="source\Stachelstein.cpp">
      <Filter>World\Monster</Filter>
    </ClCompile>
  </ItemGroup>
</Project>